{
	"name": "@celeranis/node-current-types",
	"version": "0.1.1",
	"lockfileVersion": 2,
	"requires": true,
	"packages": {
		"": {
			"name": "@celeranis/node-current-types",
			"version": "0.1.1",
			"license": "MIT",
			"dependencies": {
				"@types/node": "^17.0.41",
				"undici": "^5.4.0"
			},
			"devDependencies": {
				"typescript": "^4.7.3"
			},
			"engines": {
				"node": ">=18.0.0"
			}
		},
		"node_modules/@types/node": {
			"version": "17.0.42",
			"resolved": "https://registry.npmjs.org/@types/node/-/node-17.0.42.tgz",
			"integrity": "sha512-Q5BPGyGKcvQgAMbsr7qEGN/kIPN6zZecYYABeTDBizOsau+2NMdSVTar9UQw21A2+JyA2KRNDYaYrPB0Rpk2oQ=="
		},
		"node_modules/typescript": {
			"version": "4.7.3",
			"resolved": "https://registry.npmjs.org/typescript/-/typescript-4.7.3.tgz",
			"integrity": "sha512-WOkT3XYvrpXx4vMMqlD+8R8R37fZkjyLGlxavMc4iB8lrl8L0DeTcHbYgw/v0N/z9wAFsgBhcsF0ruoySS22mA==",
			"dev": true,
			"bin": {
				"tsc": "bin/tsc",
				"tsserver": "bin/tsserver"
			},
			"engines": {
				"node": ">=4.2.0"
			}
		},
		"node_modules/undici": {
			"version": "5.5.0",
			"resolved": "https://registry.npmjs.org/undici/-/undici-5.5.0.tgz",
			"integrity": "sha512-hZvEljo/ScU/nZ/x6/9XgPU7MNLzrR7MVLQBW185D2hmk1iJiwhaaqBG4AVhDHbH9zZegtnKY53814SabW8v7w==",
			"engines": {
				"node": ">=12.18"
			}
		}
	},
	"dependencies": {
		"@types/node": {
			"version": "17.0.42",
			"resolved": "https://registry.npmjs.org/@types/node/-/node-17.0.42.tgz",
			"integrity": "sha512-Q5BPGyGKcvQgAMbsr7qEGN/kIPN6zZecYYABeTDBizOsau+2NMdSVTar9UQw21A2+JyA2KRNDYaYrPB0Rpk2oQ=="
		},
		"typescript": {
			"version": "4.7.3",
			"resolved": "https://registry.npmjs.org/typescript/-/typescript-4.7.3.tgz",
			"integrity": "sha512-WOkT3XYvrpXx4vMMqlD+8R8R37fZkjyLGlxavMc4iB8lrl8L0DeTcHbYgw/v0N/z9wAFsgBhcsF0ruoySS22mA==",
			"dev": true
		},
		"undici": {
			"version": "5.5.0",
			"resolved": "https://registry.npmjs.org/undici/-/undici-5.5.0.tgz",
			"integrity": "sha512-hZvEljo/ScU/nZ/x6/9XgPU7MNLzrR7MVLQBW185D2hmk1iJiwhaaqBG4AVhDHbH9zZegtnKY53814SabW8v7w=="
		}
	}
}
