{
	"name": "@celeranis/node-current-types",
	"version": "0.2.0",
	"lockfileVersion": 2,
	"requires": true,
	"packages": {
		"": {
			"name": "@celeranis/node-current-types",
			"version": "0.2.0",
			"license": "MIT",
			"dependencies": {
				"@types/node": "^18.0.0",
				"undici": "^5.4.0"
			},
			"devDependencies": {
				"typescript": "^4.7.3"
			},
			"engines": {
				"node": ">=18.0.0"
			}
		},
		"node_modules/@types/node": {
			"version": "18.6.2",
			"resolved": "https://registry.npmjs.org/@types/node/-/node-18.6.2.tgz",
			"integrity": "sha512-KcfkBq9H4PI6Vpu5B/KoPeuVDAbmi+2mDBqGPGUgoL7yXQtcWGu2vJWmmRkneWK3Rh0nIAX192Aa87AqKHYChQ=="
		},
		"node_modules/typescript": {
			"version": "4.7.4",
			"resolved": "https://registry.npmjs.org/typescript/-/typescript-4.7.4.tgz",
			"integrity": "sha512-C0WQT0gezHuw6AdY1M2jxUO83Rjf0HP7Sk1DtXj6j1EwkQNZrHAg2XPWlq62oqEhYvONq5pkC2Y9oPljWToLmQ==",
			"dev": true,
			"bin": {
				"tsc": "bin/tsc",
				"tsserver": "bin/tsserver"
			},
			"engines": {
				"node": ">=4.2.0"
			}
		},
		"node_modules/undici": {
			"version": "5.5.1",
			"resolved": "https://registry.npmjs.org/undici/-/undici-5.5.1.tgz",
			"integrity": "sha512-MEvryPLf18HvlCbLSzCW0U00IMftKGI5udnjrQbC5D4P0Hodwffhv+iGfWuJwg16Y/TK11ZFK8i+BPVW2z/eAw==",
			"engines": {
				"node": ">=12.18"
			}
		}
	},
	"dependencies": {
		"@types/node": {
			"version": "18.6.2",
			"resolved": "https://registry.npmjs.org/@types/node/-/node-18.6.2.tgz",
			"integrity": "sha512-KcfkBq9H4PI6Vpu5B/KoPeuVDAbmi+2mDBqGPGUgoL7yXQtcWGu2vJWmmRkneWK3Rh0nIAX192Aa87AqKHYChQ=="
		},
		"typescript": {
			"version": "4.7.4",
			"resolved": "https://registry.npmjs.org/typescript/-/typescript-4.7.4.tgz",
			"integrity": "sha512-C0WQT0gezHuw6AdY1M2jxUO83Rjf0HP7Sk1DtXj6j1EwkQNZrHAg2XPWlq62oqEhYvONq5pkC2Y9oPljWToLmQ==",
			"dev": true
		},
		"undici": {
			"version": "5.5.1",
			"resolved": "https://registry.npmjs.org/undici/-/undici-5.5.1.tgz",
			"integrity": "sha512-MEvryPLf18HvlCbLSzCW0U00IMftKGI5udnjrQbC5D4P0Hodwffhv+iGfWuJwg16Y/TK11ZFK8i+BPVW2z/eAw=="
		}
	}
}
